
Microsoft Visual Studio Solution File, Format Version 12.00
# 
Project("{FAE04EC0-301F-11D3-BF4B-00C04F79EFBC}") = "LeasePool", "LeasePool.csproj", "{1DFE4E88-4ADD-43C7-80DD-5EE0CC0CBBEE}"
EndProject
Global
	GlobalSection(SolutionConfigurationPlatforms) = preSolution
		Debug|Any CPU = Debug|Any CPU
		Release|Any CPU = Release|Any CPU
	EndGlobalSection
	GlobalSection(ProjectConfigurationPlatforms) = postSolution
		{1DFE4E88-4ADD-43C7-80DD-5EE0CC0CBBEE}.Debug|Any CPU.ActiveCfg = Debug|Any CPU
		{1DFE4E88-4ADD-43C7-80DD-5EE0CC0CBBEE}.Debug|Any CPU.Build.0 = Debug|Any CPU
		{1DFE4E88-4ADD-43C7-80DD-5EE0CC0CBBEE}.Release|Any CPU.ActiveCfg = Release|Any CPU
		{1DFE4E88-4ADD-43C7-80DD-5EE0CC0CBBEE}.Release|Any CPU.Build.0 = Release|Any CPU
	EndGlobalSection
EndGlobal
